
Microsoft Visual Studio Solution File, Format Version 12.00
# Visual Studio Version 16
VisualStudioVersion = 16.0.31729.503
MinimumVisualStudioVersion = 10.0.40219.1
Project("{2150E333-8FDC-42A3-9474-1A3956D46DE8}") = "Solution Items", "Solution Items", "{4DE9233A-5424-412D-9A98-947DCC84AAD9}"
	ProjectSection(SolutionItems) = preProject
		SqlQuery_2021_12_06.sql = SqlQuery_2021_12_06.sql
		SqlTablesCreateQueries.sql = SqlTablesCreateQueries.sql
	EndProjectSection
EndProject
Global
	GlobalSection(SolutionProperties) = preSolution
		HideSolutionNode = FALSE
	EndGlobalSection
	GlobalSection(ExtensibilityGlobals) = postSolution
		SolutionGuid = {32C83B67-C8D7-4CCB-B20D-802CDBB4DADD}
	EndGlobalSection
EndGlobal
